// !$*UTF8*$!
{
	archiveVersion = 1;
	classes = {
	};
	objectVersion = 55;
	objects = {

/* Begin PBXBuildFile section */
		025EBC12546E3BD8569B912B /* Pods_YHDemo.framework in Frameworks */ = {isa = PBXBuildFile; fileRef = 1DCFDD2BFE0CFBBF6F795E76 /* Pods_YHDemo.framework */; };
		067C7161289D09860002F5D6 /* AppDelegate.swift in Sources */ = {isa = PBXBuildFile; fileRef = 067C7160289D09860002F5D6 /* AppDelegate.swift */; };
		067C716A289D09890002F5D6 /* Assets.xcassets in Resources */ = {isa = PBXBuildFile; fileRef = 067C7169289D09890002F5D6 /* Assets.xcassets */; };
		067C716D289D09890002F5D6 /* LaunchScreen.storyboard in Resources */ = {isa = PBXBuildFile; fileRef = 067C716B289D09890002F5D6 /* LaunchScreen.storyboard */; };
		067C7179289D0B160002F5D6 /* MainViewController.swift in Sources */ = {isa = PBXBuildFile; fileRef = 067C7178289D0B160002F5D6 /* MainViewController.swift */; };
		067C717B289D19C50002F5D6 /* Icons.xcassets in Resources */ = {isa = PBXBuildFile; fileRef = 067C717A289D19C50002F5D6 /* Icons.xcassets */; };
		067C717E289D1C700002F5D6 /* R.generated.swift in Sources */ = {isa = PBXBuildFile; fileRef = 067C717D289D1C700002F5D6 /* R.generated.swift */; };
		067C7181289D1F280002F5D6 /* Localizable.strings in Resources */ = {isa = PBXBuildFile; fileRef = 067C7183289D1F280002F5D6 /* Localizable.strings */; };
		067C7188289D20850002F5D6 /* InfoPlist.strings in Resources */ = {isa = PBXBuildFile; fileRef = 067C718A289D20850002F5D6 /* InfoPlist.strings */; };
		067C718E289D29FD0002F5D6 /* Configs.swift in Sources */ = {isa = PBXBuildFile; fileRef = 067C718D289D29FD0002F5D6 /* Configs.swift */; };
		067C7193289D6B770002F5D6 /* YHCollectionViewCell.swift in Sources */ = {isa = PBXBuildFile; fileRef = 067C7192289D6B770002F5D6 /* YHCollectionViewCell.swift */; };
		067C7195289D70A10002F5D6 /* YHCollectionView.swift in Sources */ = {isa = PBXBuildFile; fileRef = 067C7194289D70A10002F5D6 /* YHCollectionView.swift */; };
		067C7197289D735E0002F5D6 /* YHViewProtocol.swift in Sources */ = {isa = PBXBuildFile; fileRef = 067C7196289D735E0002F5D6 /* YHViewProtocol.swift */; };
		067C7199289D78690002F5D6 /* ReuseIdentifiers.swift in Sources */ = {isa = PBXBuildFile; fileRef = 067C7198289D78690002F5D6 /* ReuseIdentifiers.swift */; };
		067C719D289D7D340002F5D6 /* YHTableView.swift in Sources */ = {isa = PBXBuildFile; fileRef = 067C719C289D7D340002F5D6 /* YHTableView.swift */; };
		067C719F289D7D4C0002F5D6 /* YHTableViewCell.swift in Sources */ = {isa = PBXBuildFile; fileRef = 067C719E289D7D4C0002F5D6 /* YHTableViewCell.swift */; };
		067C71A4289D7F8B0002F5D6 /* UIColor+YHKit.swift in Sources */ = {isa = PBXBuildFile; fileRef = 067C71A3289D7F8B0002F5D6 /* UIColor+YHKit.swift */; };
		067C71A6289D7FAF0002F5D6 /* UIFont+YHKit.swift in Sources */ = {isa = PBXBuildFile; fileRef = 067C71A5289D7FAF0002F5D6 /* UIFont+YHKit.swift */; };
		067C71A8289D80140002F5D6 /* UILabel+YHKit.swift in Sources */ = {isa = PBXBuildFile; fileRef = 067C71A7289D80140002F5D6 /* UILabel+YHKit.swift */; };
		067C71AA289D81AD0002F5D6 /* UIImage+YHKit.swift in Sources */ = {isa = PBXBuildFile; fileRef = 067C71A9289D81AD0002F5D6 /* UIImage+YHKit.swift */; };
		067C71AC289E37340002F5D6 /* String+YHKit.swift in Sources */ = {isa = PBXBuildFile; fileRef = 067C71AB289E37340002F5D6 /* String+YHKit.swift */; };
/* End PBXBuildFile section */

/* Begin PBXFileReference section */
		067C715D289D09860002F5D6 /* YHDemo.app */ = {isa = PBXFileReference; explicitFileType = wrapper.application; includeInIndex = 0; path = YHDemo.app; sourceTree = BUILT_PRODUCTS_DIR; };
		067C7160289D09860002F5D6 /* AppDelegate.swift */ = {isa = PBXFileReference; lastKnownFileType = sourcecode.swift; path = AppDelegate.swift; sourceTree = "<group>"; };
		067C7169289D09890002F5D6 /* Assets.xcassets */ = {isa = PBXFileReference; lastKnownFileType = folder.assetcatalog; path = Assets.xcassets; sourceTree = "<group>"; };
		067C716C289D09890002F5D6 /* Base */ = {isa = PBXFileReference; lastKnownFileType = file.storyboard; name = Base; path = Base.lproj/LaunchScreen.storyboard; sourceTree = "<group>"; };
		067C716E289D09890002F5D6 /* Info.plist */ = {isa = PBXFileReference; lastKnownFileType = text.plist.xml; path = Info.plist; sourceTree = "<group>"; };
		067C7178289D0B160002F5D6 /* MainViewController.swift */ = {isa = PBXFileReference; lastKnownFileType = sourcecode.swift; path = MainViewController.swift; sourceTree = "<group>"; };
		067C717A289D19C50002F5D6 /* Icons.xcassets */ = {isa = PBXFileReference; lastKnownFileType = folder.assetcatalog; path = Icons.xcassets; sourceTree = "<group>"; };
		067C717D289D1C700002F5D6 /* R.generated.swift */ = {isa = PBXFileReference; fileEncoding = 4; lastKnownFileType = sourcecode.swift; path = R.generated.swift; sourceTree = SOURCE_ROOT; };
		067C7182289D1F280002F5D6 /* en */ = {isa = PBXFileReference; lastKnownFileType = text.plist.strings; name = en; path = en.lproj/Localizable.strings; sourceTree = "<group>"; };
		067C7184289D1FC90002F5D6 /* zh-Hans */ = {isa = PBXFileReference; lastKnownFileType = text.plist.strings; name = "zh-Hans"; path = "zh-Hans.lproj/LaunchScreen.strings"; sourceTree = "<group>"; };
		067C7185289D1FC90002F5D6 /* zh-Hans */ = {isa = PBXFileReference; lastKnownFileType = text.plist.strings; name = "zh-Hans"; path = "zh-Hans.lproj/Localizable.strings"; sourceTree = "<group>"; };
		067C7189289D20850002F5D6 /* zh-Hans */ = {isa = PBXFileReference; lastKnownFileType = text.plist.strings; name = "zh-Hans"; path = "zh-Hans.lproj/InfoPlist.strings"; sourceTree = "<group>"; };
		067C718B289D20870002F5D6 /* en */ = {isa = PBXFileReference; lastKnownFileType = text.plist.strings; name = en; path = en.lproj/InfoPlist.strings; sourceTree = "<group>"; };
		067C718D289D29FD0002F5D6 /* Configs.swift */ = {isa = PBXFileReference; lastKnownFileType = sourcecode.swift; path = Configs.swift; sourceTree = "<group>"; };
		067C7192289D6B770002F5D6 /* YHCollectionViewCell.swift */ = {isa = PBXFileReference; lastKnownFileType = sourcecode.swift; path = YHCollectionViewCell.swift; sourceTree = "<group>"; };
		067C7194289D70A10002F5D6 /* YHCollectionView.swift */ = {isa = PBXFileReference; lastKnownFileType = sourcecode.swift; path = YHCollectionView.swift; sourceTree = "<group>"; };
		067C7196289D735E0002F5D6 /* YHViewProtocol.swift */ = {isa = PBXFileReference; lastKnownFileType = sourcecode.swift; path = YHViewProtocol.swift; sourceTree = "<group>"; };
		067C7198289D78690002F5D6 /* ReuseIdentifiers.swift */ = {isa = PBXFileReference; lastKnownFileType = sourcecode.swift; path = ReuseIdentifiers.swift; sourceTree = "<group>"; };
		067C719C289D7D340002F5D6 /* YHTableView.swift */ = {isa = PBXFileReference; lastKnownFileType = sourcecode.swift; path = YHTableView.swift; sourceTree = "<group>"; };
		067C719E289D7D4C0002F5D6 /* YHTableViewCell.swift */ = {isa = PBXFileReference; lastKnownFileType = sourcecode.swift; path = YHTableViewCell.swift; sourceTree = "<group>"; };
		067C71A3289D7F8B0002F5D6 /* UIColor+YHKit.swift */ = {isa = PBXFileReference; lastKnownFileType = sourcecode.swift; path = "UIColor+YHKit.swift"; sourceTree = "<group>"; };
		067C71A5289D7FAF0002F5D6 /* UIFont+YHKit.swift */ = {isa = PBXFileReference; lastKnownFileType = sourcecode.swift; path = "UIFont+YHKit.swift"; sourceTree = "<group>"; };
		067C71A7289D80140002F5D6 /* UILabel+YHKit.swift */ = {isa = PBXFileReference; lastKnownFileType = sourcecode.swift; path = "UILabel+YHKit.swift"; sourceTree = "<group>"; };
		067C71A9289D81AD0002F5D6 /* UIImage+YHKit.swift */ = {isa = PBXFileReference; lastKnownFileType = sourcecode.swift; path = "UIImage+YHKit.swift"; sourceTree = "<group>"; };
		067C71AB289E37340002F5D6 /* String+YHKit.swift */ = {isa = PBXFileReference; lastKnownFileType = sourcecode.swift; path = "String+YHKit.swift"; sourceTree = "<group>"; };
		1DCFDD2BFE0CFBBF6F795E76 /* Pods_YHDemo.framework */ = {isa = PBXFileReference; explicitFileType = wrapper.framework; includeInIndex = 0; path = Pods_YHDemo.framework; sourceTree = BUILT_PRODUCTS_DIR; };
		5B2FE0475B142CFFB51B0E9E /* Pods-YHDemo.release.xcconfig */ = {isa = PBXFileReference; includeInIndex = 1; lastKnownFileType = text.xcconfig; name = "Pods-YHDemo.release.xcconfig"; path = "Target Support Files/Pods-YHDemo/Pods-YHDemo.release.xcconfig"; sourceTree = "<group>"; };
		831958D8DBADFE560C6626E0 /* Pods-YHDemo.debug.xcconfig */ = {isa = PBXFileReference; includeInIndex = 1; lastKnownFileType = text.xcconfig; name = "Pods-YHDemo.debug.xcconfig"; path = "Target Support Files/Pods-YHDemo/Pods-YHDemo.debug.xcconfig"; sourceTree = "<group>"; };
/* End PBXFileReference section */

/* Begin PBXFrameworksBuildPhase section */
		067C715A289D09860002F5D6 /* Frameworks */ = {
			isa = PBXFrameworksBuildPhase;
			buildActionMask = 2147483647;
			files = (
				025EBC12546E3BD8569B912B /* Pods_YHDemo.framework in Frameworks */,
			);
			runOnlyForDeploymentPostprocessing = 0;
		};
/* End PBXFrameworksBuildPhase section */

/* Begin PBXGroup section */
		055B8C345BE3DF45C3237B2E /* Pods */ = {
			isa = PBXGroup;
			children = (
				831958D8DBADFE560C6626E0 /* Pods-YHDemo.debug.xcconfig */,
				5B2FE0475B142CFFB51B0E9E /* Pods-YHDemo.release.xcconfig */,
			);
			path = Pods;
			sourceTree = "<group>";
		};
		067C7154289D09860002F5D6 = {
			isa = PBXGroup;
			children = (
				067C715F289D09860002F5D6 /* YHDemo */,
				067C715E289D09860002F5D6 /* Products */,
				055B8C345BE3DF45C3237B2E /* Pods */,
				F980FFE92039A785FEB8CD1B /* Frameworks */,
			);
			sourceTree = "<group>";
		};
		067C715E289D09860002F5D6 /* Products */ = {
			isa = PBXGroup;
			children = (
				067C715D289D09860002F5D6 /* YHDemo.app */,
			);
			name = Products;
			sourceTree = "<group>";
		};
		067C715F289D09860002F5D6 /* YHDemo */ = {
			isa = PBXGroup;
			children = (
				067C7174289D0A340002F5D6 /* Application */,
				067C718F289D69460002F5D6 /* Common */,
				067C71A0289D7EF80002F5D6 /* Extensions */,
				067C7176289D0ABB0002F5D6 /* Modules */,
				067C718C289D29DA0002F5D6 /* Configs */,
				067C7175289D0A530002F5D6 /* Resource */,
			);
			path = YHDemo;
			sourceTree = "<group>";
		};
		067C7174289D0A340002F5D6 /* Application */ = {
			isa = PBXGroup;
			children = (
				067C7160289D09860002F5D6 /* AppDelegate.swift */,
			);
			path = Application;
			sourceTree = "<group>";
		};
		067C7175289D0A530002F5D6 /* Resource */ = {
			isa = PBXGroup;
			children = (
				067C717D289D1C700002F5D6 /* R.generated.swift */,
				067C7169289D09890002F5D6 /* Assets.xcassets */,
				067C717A289D19C50002F5D6 /* Icons.xcassets */,
				067C716B289D09890002F5D6 /* LaunchScreen.storyboard */,
				067C716E289D09890002F5D6 /* Info.plist */,
				067C7183289D1F280002F5D6 /* Localizable.strings */,
				067C718A289D20850002F5D6 /* InfoPlist.strings */,
			);
			path = Resource;
			sourceTree = "<group>";
		};
		067C7176289D0ABB0002F5D6 /* Modules */ = {
			isa = PBXGroup;
			children = (
				067C7177289D0AD00002F5D6 /* MovableGride */,
			);
			path = Modules;
			sourceTree = "<group>";
		};
		067C7177289D0AD00002F5D6 /* MovableGride */ = {
			isa = PBXGroup;
			children = (
				067C7178289D0B160002F5D6 /* MainViewController.swift */,
			);
			path = MovableGride;
			sourceTree = "<group>";
		};
		067C718C289D29DA0002F5D6 /* Configs */ = {
			isa = PBXGroup;
			children = (
				067C718D289D29FD0002F5D6 /* Configs.swift */,
				067C7198289D78690002F5D6 /* ReuseIdentifiers.swift */,
			);
			path = Configs;
			sourceTree = "<group>";
		};
		067C718F289D69460002F5D6 /* Common */ = {
			isa = PBXGroup;
			children = (
				067C7196289D735E0002F5D6 /* YHViewProtocol.swift */,
				067C7192289D6B770002F5D6 /* YHCollectionViewCell.swift */,
				067C7194289D70A10002F5D6 /* YHCollectionView.swift */,
				067C719E289D7D4C0002F5D6 /* YHTableViewCell.swift */,
				067C719C289D7D340002F5D6 /* YHTableView.swift */,
			);
			path = Common;
			sourceTree = "<group>";
		};
		067C71A0289D7EF80002F5D6 /* Extensions */ = {
			isa = PBXGroup;
			children = (
				067C71A3289D7F8B0002F5D6 /* UIColor+YHKit.swift */,
				067C71A5289D7FAF0002F5D6 /* UIFont+YHKit.swift */,
				067C71A7289D80140002F5D6 /* UILabel+YHKit.swift */,
				067C71A9289D81AD0002F5D6 /* UIImage+YHKit.swift */,
				067C71AB289E37340002F5D6 /* String+YHKit.swift */,
			);
			path = Extensions;
			sourceTree = "<group>";
		};
		F980FFE92039A785FEB8CD1B /* Frameworks */ = {
			isa = PBXGroup;
			children = (
				1DCFDD2BFE0CFBBF6F795E76 /* Pods_YHDemo.framework */,
			);
			name = Frameworks;
			sourceTree = "<group>";
		};
/* End PBXGroup section */

/* Begin PBXNativeTarget section */
		067C715C289D09860002F5D6 /* YHDemo */ = {
			isa = PBXNativeTarget;
			buildConfigurationList = 067C7171289D09890002F5D6 /* Build configuration list for PBXNativeTarget "YHDemo" */;
			buildPhases = (
				BB6C703E12E1461C03347584 /* [CP] Check Pods Manifest.lock */,
				067C717C289D19F60002F5D6 /* R.Swift */,
				067C7159289D09860002F5D6 /* Sources */,
				067C715A289D09860002F5D6 /* Frameworks */,
				067C715B289D09860002F5D6 /* Resources */,
				BDB2B4075BF746B7EAAEE021 /* [CP] Embed Pods Frameworks */,
			);
			buildRules = (
			);
			dependencies = (
			);
			name = YHDemo;
			productName = YHDemo;
			productReference = 067C715D289D09860002F5D6 /* YHDemo.app */;
			productType = "com.apple.product-type.application";
		};
/* End PBXNativeTarget section */

/* Begin PBXProject section */
		067C7155289D09860002F5D6 /* Project object */ = {
			isa = PBXProject;
			attributes = {
				BuildIndependentTargetsInParallel = 1;
				LastSwiftUpdateCheck = 1340;
				LastUpgradeCheck = 1340;
				TargetAttributes = {
					067C715C289D09860002F5D6 = {
						CreatedOnToolsVersion = 13.4.1;
					};
				};
			};
			buildConfigurationList = 067C7158289D09860002F5D6 /* Build configuration list for PBXProject "YHDemo" */;
			compatibilityVersion = "Xcode 13.0";
			developmentRegion = en;
			hasScannedForEncodings = 0;
			knownRegions = (
				en,
				Base,
				"zh-Hans",
			);
			mainGroup = 067C7154289D09860002F5D6;
			productRefGroup = 067C715E289D09860002F5D6 /* Products */;
			projectDirPath = "";
			projectRoot = "";
			targets = (
				067C715C289D09860002F5D6 /* YHDemo */,
			);
		};
/* End PBXProject section */

/* Begin PBXResourcesBuildPhase section */
		067C715B289D09860002F5D6 /* Resources */ = {
			isa = PBXResourcesBuildPhase;
			buildActionMask = 2147483647;
			files = (
				067C716D289D09890002F5D6 /* LaunchScreen.storyboard in Resources */,
				067C7181289D1F280002F5D6 /* Localizable.strings in Resources */,
				067C717B289D19C50002F5D6 /* Icons.xcassets in Resources */,
				067C716A289D09890002F5D6 /* Assets.xcassets in Resources */,
				067C7188289D20850002F5D6 /* InfoPlist.strings in Resources */,
			);
			runOnlyForDeploymentPostprocessing = 0;
		};
/* End PBXResourcesBuildPhase section */

/* Begin PBXShellScriptBuildPhase section */
		067C717C289D19F60002F5D6 /* R.Swift */ = {
			isa = PBXShellScriptBuildPhase;
			alwaysOutOfDate = 1;
			buildActionMask = 2147483647;
			files = (
			);
			inputFileListPaths = (
			);
			inputPaths = (
			);
			name = R.Swift;
			outputFileListPaths = (
			);
			outputPaths = (
				$SRCROOT/R.generated.swift,
			);
			runOnlyForDeploymentPostprocessing = 0;
			shellPath = /bin/sh;
			shellScript = "# Type a script or drag a script file from your workspace to insert its path.\n\"$PODS_ROOT/R.swift/rswift\" generate \"$SRCROOT/R.generated.swift\"\n";
		};
		BB6C703E12E1461C03347584 /* [CP] Check Pods Manifest.lock */ = {
			isa = PBXShellScriptBuildPhase;
			buildActionMask = 2147483647;
			files = (
			);
			inputFileListPaths = (
			);
			inputPaths = (
				"${PODS_PODFILE_DIR_PATH}/Podfile.lock",
				"${PODS_ROOT}/Manifest.lock",
			);
			name = "[CP] Check Pods Manifest.lock";
			outputFileListPaths = (
			);
			outputPaths = (
				"$(DERIVED_FILE_DIR)/Pods-YHDemo-checkManifestLockResult.txt",
			);
			runOnlyForDeploymentPostprocessing = 0;
			shellPath = /bin/sh;
			shellScript = "diff \"${PODS_PODFILE_DIR_PATH}/Podfile.lock\" \"${PODS_ROOT}/Manifest.lock\" > /dev/null\nif [ $? != 0 ] ; then\n    # print error to STDERR\n    echo \"error: The sandbox is not in sync with the Podfile.lock. Run 'pod install' or update your CocoaPods installation.\" >&2\n    exit 1\nfi\n# This output is used by Xcode 'outputs' to avoid re-running this script phase.\necho \"SUCCESS\" > \"${SCRIPT_OUTPUT_FILE_0}\"\n";
			showEnvVarsInLog = 0;
		};
		BDB2B4075BF746B7EAAEE021 /* [CP] Embed Pods Frameworks */ = {
			isa = PBXShellScriptBuildPhase;
			buildActionMask = 2147483647;
			files = (
			);
			inputFileListPaths = (
				"${PODS_ROOT}/Target Support Files/Pods-YHDemo/Pods-YHDemo-frameworks-${CONFIGURATION}-input-files.xcfilelist",
			);
			name = "[CP] Embed Pods Frameworks";
			outputFileListPaths = (
				"${PODS_ROOT}/Target Support Files/Pods-YHDemo/Pods-YHDemo-frameworks-${CONFIGURATION}-output-files.xcfilelist",
			);
			runOnlyForDeploymentPostprocessing = 0;
			shellPath = /bin/sh;
			shellScript = "\"${PODS_ROOT}/Target Support Files/Pods-YHDemo/Pods-YHDemo-frameworks.sh\"\n";
			showEnvVarsInLog = 0;
		};
/* End PBXShellScriptBuildPhase section */

/* Begin PBXSourcesBuildPhase section */
		067C7159289D09860002F5D6 /* Sources */ = {
			isa = PBXSourcesBuildPhase;
			buildActionMask = 2147483647;
			files = (
				067C7179289D0B160002F5D6 /* MainViewController.swift in Sources */,
				067C7193289D6B770002F5D6 /* YHCollectionViewCell.swift in Sources */,
				067C719D289D7D340002F5D6 /* YHTableView.swift in Sources */,
				067C718E289D29FD0002F5D6 /* Configs.swift in Sources */,
				067C7161289D09860002F5D6 /* AppDelegate.swift in Sources */,
				067C7197289D735E0002F5D6 /* YHViewProtocol.swift in Sources */,
				067C71AC289E37340002F5D6 /* String+YHKit.swift in Sources */,
				067C71A4289D7F8B0002F5D6 /* UIColor+YHKit.swift in Sources */,
				067C719F289D7D4C0002F5D6 /* YHTableViewCell.swift in Sources */,
				067C7195289D70A10002F5D6 /* YHCollectionView.swift in Sources */,
				067C71A6289D7FAF0002F5D6 /* UIFont+YHKit.swift in Sources */,
				067C7199289D78690002F5D6 /* ReuseIdentifiers.swift in Sources */,
				067C71A8289D80140002F5D6 /* UILabel+YHKit.swift in Sources */,
				067C717E289D1C700002F5D6 /* R.generated.swift in Sources */,
				067C71AA289D81AD0002F5D6 /* UIImage+YHKit.swift in Sources */,
			);
			runOnlyForDeploymentPostprocessing = 0;
		};
/* End PBXSourcesBuildPhase section */

/* Begin PBXVariantGroup section */
		067C716B289D09890002F5D6 /* LaunchScreen.storyboard */ = {
			isa = PBXVariantGroup;
			children = (
				067C716C289D09890002F5D6 /* Base */,
				067C7184289D1FC90002F5D6 /* zh-Hans */,
			);
			name = LaunchScreen.storyboard;
			sourceTree = "<group>";
		};
		067C7183289D1F280002F5D6 /* Localizable.strings */ = {
			isa = PBXVariantGroup;
			children = (
				067C7182289D1F280002F5D6 /* en */,
				067C7185289D1FC90002F5D6 /* zh-Hans */,
			);
			name = Localizable.strings;
			sourceTree = "<group>";
		};
		067C718A289D20850002F5D6 /* InfoPlist.strings */ = {
			isa = PBXVariantGroup;
			children = (
				067C7189289D20850002F5D6 /* zh-Hans */,
				067C718B289D20870002F5D6 /* en */,
			);
			name = InfoPlist.strings;
			sourceTree = "<group>";
		};
/* End PBXVariantGroup section */

/* Begin XCBuildConfiguration section */
		067C716F289D09890002F5D6 /* Debug */ = {
			isa = XCBuildConfiguration;
			buildSettings = {
				ALWAYS_SEARCH_USER_PATHS = NO;
				CLANG_ANALYZER_LOCALIZABILITY_NONLOCALIZED = YES;
				CLANG_ANALYZER_NONNULL = YES;
				CLANG_ANALYZER_NUMBER_OBJECT_CONVERSION = YES_AGGRESSIVE;
				CLANG_CXX_LANGUAGE_STANDARD = "gnu++17";
				CLANG_ENABLE_MODULES = YES;
				CLANG_ENABLE_OBJC_ARC = YES;
				CLANG_ENABLE_OBJC_WEAK = YES;
				CLANG_WARN_BLOCK_CAPTURE_AUTORELEASING = YES;
				CLANG_WARN_BOOL_CONVERSION = YES;
				CLANG_WARN_COMMA = YES;
				CLANG_WARN_CONSTANT_CONVERSION = YES;
				CLANG_WARN_DEPRECATED_OBJC_IMPLEMENTATIONS = YES;
				CLANG_WARN_DIRECT_OBJC_ISA_USAGE = YES_ERROR;
				CLANG_WARN_DOCUMENTATION_COMMENTS = YES;
				CLANG_WARN_EMPTY_BODY = YES;
				CLANG_WARN_ENUM_CONVERSION = YES;
				CLANG_WARN_INFINITE_RECURSION = YES;
				CLANG_WARN_INT_CONVERSION = YES;
				CLANG_WARN_NON_LITERAL_NULL_CONVERSION = YES;
				CLANG_WARN_OBJC_IMPLICIT_RETAIN_SELF = YES;
				CLANG_WARN_OBJC_LITERAL_CONVERSION = YES;
				CLANG_WARN_OBJC_ROOT_CLASS = YES_ERROR;
				CLANG_WARN_QUOTED_INCLUDE_IN_FRAMEWORK_HEADER = YES;
				CLANG_WARN_RANGE_LOOP_ANALYSIS = YES;
				CLANG_WARN_STRICT_PROTOTYPES = YES;
				CLANG_WARN_SUSPICIOUS_MOVE = YES;
				CLANG_WARN_UNGUARDED_AVAILABILITY = YES_AGGRESSIVE;
				CLANG_WARN_UNREACHABLE_CODE = YES;
				CLANG_WARN__DUPLICATE_METHOD_MATCH = YES;
				COPY_PHASE_STRIP = NO;
				DEBUG_INFORMATION_FORMAT = dwarf;
				ENABLE_STRICT_OBJC_MSGSEND = YES;
				ENABLE_TESTABILITY = YES;
				GCC_C_LANGUAGE_STANDARD = gnu11;
				GCC_DYNAMIC_NO_PIC = NO;
				GCC_NO_COMMON_BLOCKS = YES;
				GCC_OPTIMIZATION_LEVEL = 0;
				GCC_PREPROCESSOR_DEFINITIONS = (
					"DEBUG=1",
					"$(inherited)",
				);
				GCC_WARN_64_TO_32_BIT_CONVERSION = YES;
				GCC_WARN_ABOUT_RETURN_TYPE = YES_ERROR;
				GCC_WARN_UNDECLARED_SELECTOR = YES;
				GCC_WARN_UNINITIALIZED_AUTOS = YES_AGGRESSIVE;
				GCC_WARN_UNUSED_FUNCTION = YES;
				GCC_WARN_UNUSED_VARIABLE = YES;
				IPHONEOS_DEPLOYMENT_TARGET = 15.5;
				MTL_ENABLE_DEBUG_INFO = INCLUDE_SOURCE;
				MTL_FAST_MATH = YES;
				ONLY_ACTIVE_ARCH = YES;
				SDKROOT = iphoneos;
				SWIFT_ACTIVE_COMPILATION_CONDITIONS = DEBUG;
				SWIFT_OPTIMIZATION_LEVEL = "-Onone";
			};
			name = Debug;
		};
		067C7170289D09890002F5D6 /* Release */ = {
			isa = XCBuildConfiguration;
			buildSettings = {
				ALWAYS_SEARCH_USER_PATHS = NO;
				CLANG_ANALYZER_LOCALIZABILITY_NONLOCALIZED = YES;
				CLANG_ANALYZER_NONNULL = YES;
				CLANG_ANALYZER_NUMBER_OBJECT_CONVERSION = YES_AGGRESSIVE;
				CLANG_CXX_LANGUAGE_STANDARD = "gnu++17";
				CLANG_ENABLE_MODULES = YES;
				CLANG_ENABLE_OBJC_ARC = YES;
				CLANG_ENABLE_OBJC_WEAK = YES;
				CLANG_WARN_BLOCK_CAPTURE_AUTORELEASING = YES;
				CLANG_WARN_BOOL_CONVERSION = YES;
				CLANG_WARN_COMMA = YES;
				CLANG_WARN_CONSTANT_CONVERSION = YES;
				CLANG_WARN_DEPRECATED_OBJC_IMPLEMENTATIONS = YES;
				CLANG_WARN_DIRECT_OBJC_ISA_USAGE = YES_ERROR;
				CLANG_WARN_DOCUMENTATION_COMMENTS = YES;
				CLANG_WARN_EMPTY_BODY = YES;
				CLANG_WARN_ENUM_CONVERSION = YES;
				CLANG_WARN_INFINITE_RECURSION = YES;
				CLANG_WARN_INT_CONVERSION = YES;
				CLANG_WARN_NON_LITERAL_NULL_CONVERSION = YES;
				CLANG_WARN_OBJC_IMPLICIT_RETAIN_SELF = YES;
				CLANG_WARN_OBJC_LITERAL_CONVERSION = YES;
				CLANG_WARN_OBJC_ROOT_CLASS = YES_ERROR;
				CLANG_WARN_QUOTED_INCLUDE_IN_FRAMEWORK_HEADER = YES;
				CLANG_WARN_RANGE_LOOP_ANALYSIS = YES;
				CLANG_WARN_STRICT_PROTOTYPES = YES;
				CLANG_WARN_SUSPICIOUS_MOVE = YES;
				CLANG_WARN_UNGUARDED_AVAILABILITY = YES_AGGRESSIVE;
				CLANG_WARN_UNREACHABLE_CODE = YES;
				CLANG_WARN__DUPLICATE_METHOD_MATCH = YES;
				COPY_PHASE_STRIP = NO;
				DEBUG_INFORMATION_FORMAT = "dwarf-with-dsym";
				ENABLE_NS_ASSERTIONS = NO;
				ENABLE_STRICT_OBJC_MSGSEND = YES;
				GCC_C_LANGUAGE_STANDARD = gnu11;
				GCC_NO_COMMON_BLOCKS = YES;
				GCC_WARN_64_TO_32_BIT_CONVERSION = YES;
				GCC_WARN_ABOUT_RETURN_TYPE = YES_ERROR;
				GCC_WARN_UNDECLARED_SELECTOR = YES;
				GCC_WARN_UNINITIALIZED_AUTOS = YES_AGGRESSIVE;
				GCC_WARN_UNUSED_FUNCTION = YES;
				GCC_WARN_UNUSED_VARIABLE = YES;
				IPHONEOS_DEPLOYMENT_TARGET = 15.5;
				MTL_ENABLE_DEBUG_INFO = NO;
				MTL_FAST_MATH = YES;
				SDKROOT = iphoneos;
				SWIFT_COMPILATION_MODE = wholemodule;
				SWIFT_OPTIMIZATION_LEVEL = "-O";
				VALIDATE_PRODUCT = YES;
			};
			name = Release;
		};
		067C7172289D09890002F5D6 /* Debug */ = {
			isa = XCBuildConfiguration;
			baseConfigurationReference = 831958D8DBADFE560C6626E0 /* Pods-YHDemo.debug.xcconfig */;
			buildSettings = {
				ASSETCATALOG_COMPILER_APPICON_NAME = AppIcon;
				ASSETCATALOG_COMPILER_GLOBAL_ACCENT_COLOR_NAME = AccentColor;
				CODE_SIGN_STYLE = Automatic;
				CURRENT_PROJECT_VERSION = 1;
				DEVELOPMENT_TEAM = 8EA9WX9959;
				GENERATE_INFOPLIST_FILE = YES;
				INFOPLIST_FILE = YHDemo/Resource/Info.plist;
				INFOPLIST_KEY_UIApplicationSupportsIndirectInputEvents = YES;
				INFOPLIST_KEY_UILaunchStoryboardName = LaunchScreen;
				INFOPLIST_KEY_UIMainStoryboardFile = LaunchScreen;
				INFOPLIST_KEY_UISupportedInterfaceOrientations_iPad = "UIInterfaceOrientationPortrait UIInterfaceOrientationPortraitUpsideDown UIInterfaceOrientationLandscapeLeft UIInterfaceOrientationLandscapeRight";
				INFOPLIST_KEY_UISupportedInterfaceOrientations_iPhone = "UIInterfaceOrientationPortrait UIInterfaceOrientationLandscapeLeft UIInterfaceOrientationLandscapeRight";
				IPHONEOS_DEPLOYMENT_TARGET = 14.0;
				LD_RUNPATH_SEARCH_PATHS = (
					"$(inherited)",
					"@executable_path/Frameworks",
				);
				MARKETING_VERSION = 1.0.0;
				PRODUCT_BUNDLE_IDENTIFIER = com.YihuChen.YHDemo;
				PRODUCT_NAME = "$(TARGET_NAME)";
				SWIFT_EMIT_LOC_STRINGS = YES;
				SWIFT_VERSION = 5.0;
				TARGETED_DEVICE_FAMILY = "1,2";
			};
			name = Debug;
		};
		067C7173289D09890002F5D6 /* Release */ = {
			isa = XCBuildConfiguration;
			baseConfigurationReference = 5B2FE0475B142CFFB51B0E9E /* Pods-YHDemo.release.xcconfig */;
			buildSettings = {
				ASSETCATALOG_COMPILER_APPICON_NAME = AppIcon;
				ASSETCATALOG_COMPILER_GLOBAL_ACCENT_COLOR_NAME = AccentColor;
				CODE_SIGN_STYLE = Automatic;
				CURRENT_PROJECT_VERSION = 1;
				DEVELOPMENT_TEAM = 8EA9WX9959;
				GENERATE_INFOPLIST_FILE = YES;
				INFOPLIST_FILE = YHDemo/Resource/Info.plist;
				INFOPLIST_KEY_UIApplicationSupportsIndirectInputEvents = YES;
				INFOPLIST_KEY_UILaunchStoryboardName = LaunchScreen;
				INFOPLIST_KEY_UIMainStoryboardFile = LaunchScreen;
				INFOPLIST_KEY_UISupportedInterfaceOrientations_iPad = "UIInterfaceOrientationPortrait UIInterfaceOrientationPortraitUpsideDown UIInterfaceOrientationLandscapeLeft UIInterfaceOrientationLandscapeRight";
				INFOPLIST_KEY_UISupportedInterfaceOrientations_iPhone = "UIInterfaceOrientationPortrait UIInterfaceOrientationLandscapeLeft UIInterfaceOrientationLandscapeRight";
				IPHONEOS_DEPLOYMENT_TARGET = 14.0;
				LD_RUNPATH_SEARCH_PATHS = (
					"$(inherited)",
					"@executable_path/Frameworks",
				);
				MARKETING_VERSION = 1.0.0;
				PRODUCT_BUNDLE_IDENTIFIER = com.YihuChen.YHDemo;
				PRODUCT_NAME = "$(TARGET_NAME)";
				SWIFT_EMIT_LOC_STRINGS = YES;
				SWIFT_VERSION = 5.0;
				TARGETED_DEVICE_FAMILY = "1,2";
			};
			name = Release;
		};
/* End XCBuildConfiguration section */

/* Begin XCConfigurationList section */
		067C7158289D09860002F5D6 /* Build configuration list for PBXProject "YHDemo" */ = {
			isa = XCConfigurationList;
			buildConfigurations = (
				067C716F289D09890002F5D6 /* Debug */,
				067C7170289D09890002F5D6 /* Release */,
			);
			defaultConfigurationIsVisible = 0;
			defaultConfigurationName = Release;
		};
		067C7171289D09890002F5D6 /* Build configuration list for PBXNativeTarget "YHDemo" */ = {
			isa = XCConfigurationList;
			buildConfigurations = (
				067C7172289D09890002F5D6 /* Debug */,
				067C7173289D09890002F5D6 /* Release */,
			);
			defaultConfigurationIsVisible = 0;
			defaultConfigurationName = Release;
		};
/* End XCConfigurationList section */
	};
	rootObject = 067C7155289D09860002F5D6 /* Project object */;
}
